
Microsoft Visual Studio Solution File, Format Version 12.00
# Visual Studio Version 16
VisualStudioVersion = 16.0.29609.76
MinimumVisualStudioVersion = 10.0.40219.1
Project("{FAE04EC0-301F-11D3-BF4B-00C04F79EFBC}") = "Parser", "Parser\Parser.csproj", "{FEC7EAA2-8B42-43D7-93C3-A3DE5B4C45B1}"
EndProject
Project("{FAE04EC0-301F-11D3-BF4B-00C04F79EFBC}") = "WebApplication1", "WebApplication1\WebApplication1.csproj", "{02088972-2CE3-4810-9491-DDF6A9673D4B}"
EndProject
Project("{FAE04EC0-301F-11D3-BF4B-00C04F79EFBC}") = "Cropping", "Cropper\Cropping.csproj", "{6480E47E-5542-425A-87B2-CB1C3578C3FF}"
EndProject
Project("{FAE04EC0-301F-11D3-BF4B-00C04F79EFBC}") = "WebApp", "WebApp\WebApp.csproj", "{1441C462-B315-4295-9972-2AD45EFBECE7}"
EndProject
Global
	GlobalSection(SolutionConfigurationPlatforms) = preSolution
		Debug|Any CPU = Debug|Any CPU
		Release|Any CPU = Release|Any CPU
	EndGlobalSection
	GlobalSection(ProjectConfigurationPlatforms) = postSolution
		{FEC7EAA2-8B42-43D7-93C3-A3DE5B4C45B1}.Debug|Any CPU.ActiveCfg = Debug|Any CPU
		{FEC7EAA2-8B42-43D7-93C3-A3DE5B4C45B1}.Debug|Any CPU.Build.0 = Debug|Any CPU
		{FEC7EAA2-8B42-43D7-93C3-A3DE5B4C45B1}.Release|Any CPU.ActiveCfg = Release|Any CPU
		{FEC7EAA2-8B42-43D7-93C3-A3DE5B4C45B1}.Release|Any CPU.Build.0 = Release|Any CPU
		{02088972-2CE3-4810-9491-DDF6A9673D4B}.Debug|Any CPU.ActiveCfg = Debug|Any CPU
		{02088972-2CE3-4810-9491-DDF6A9673D4B}.Debug|Any CPU.Build.0 = Debug|Any CPU
		{02088972-2CE3-4810-9491-DDF6A9673D4B}.Release|Any CPU.ActiveCfg = Release|Any CPU
		{02088972-2CE3-4810-9491-DDF6A9673D4B}.Release|Any CPU.Build.0 = Release|Any CPU
		{6480E47E-5542-425A-87B2-CB1C3578C3FF}.Debug|Any CPU.ActiveCfg = Debug|Any CPU
		{6480E47E-5542-425A-87B2-CB1C3578C3FF}.Debug|Any CPU.Build.0 = Debug|Any CPU
		{6480E47E-5542-425A-87B2-CB1C3578C3FF}.Release|Any CPU.ActiveCfg = Release|Any CPU
		{6480E47E-5542-425A-87B2-CB1C3578C3FF}.Release|Any CPU.Build.0 = Release|Any CPU
		{1441C462-B315-4295-9972-2AD45EFBECE7}.Debug|Any CPU.ActiveCfg = Debug|Any CPU
		{1441C462-B315-4295-9972-2AD45EFBECE7}.Debug|Any CPU.Build.0 = Debug|Any CPU
		{1441C462-B315-4295-9972-2AD45EFBECE7}.Release|Any CPU.ActiveCfg = Release|Any CPU
		{1441C462-B315-4295-9972-2AD45EFBECE7}.Release|Any CPU.Build.0 = Release|Any CPU
	EndGlobalSection
	GlobalSection(SolutionProperties) = preSolution
		HideSolutionNode = FALSE
	EndGlobalSection
	GlobalSection(ExtensibilityGlobals) = postSolution
		SolutionGuid = {B63E9A29-16C4-4490-B1E2-D92591F2B30D}
	EndGlobalSection
EndGlobal
